// !$*UTF8*$!
{
	archiveVersion = 1;
	classes = {
	};
	objectVersion = 50;
	objects = {

/* Begin PBXBuildFile section */
		043ABD0625B8294C00BAF004 /* AppDelegate.swift in Sources */ = {isa = PBXBuildFile; fileRef = 043ABD0525B8294C00BAF004 /* AppDelegate.swift */; };
		043ABD0825B8294C00BAF004 /* SceneDelegate.swift in Sources */ = {isa = PBXBuildFile; fileRef = 043ABD0725B8294C00BAF004 /* SceneDelegate.swift */; };
		043ABD0D25B8294C00BAF004 /* Main.storyboard in Resources */ = {isa = PBXBuildFile; fileRef = 043ABD0B25B8294C00BAF004 /* Main.storyboard */; };
		043ABD0F25B8294E00BAF004 /* Assets.xcassets in Resources */ = {isa = PBXBuildFile; fileRef = 043ABD0E25B8294E00BAF004 /* Assets.xcassets */; };
		043ABD1225B8294E00BAF004 /* LaunchScreen.storyboard in Resources */ = {isa = PBXBuildFile; fileRef = 043ABD1025B8294E00BAF004 /* LaunchScreen.storyboard */; };
		043ABD1B25B82C1900BAF004 /* SharpImageView.swift in Sources */ = {isa = PBXBuildFile; fileRef = 043ABD1A25B82C1900BAF004 /* SharpImageView.swift */; };
		043ABD1E25B839EE00BAF004 /* MainViewController.swift in Sources */ = {isa = PBXBuildFile; fileRef = 043ABD1D25B839EE00BAF004 /* MainViewController.swift */; };
/* End PBXBuildFile section */

/* Begin PBXFileReference section */
		043ABD0225B8294C00BAF004 /* UIBezierPathShape.app */ = {isa = PBXFileReference; explicitFileType = wrapper.application; includeInIndex = 0; path = UIBezierPathShape.app; sourceTree = BUILT_PRODUCTS_DIR; };
		043ABD0525B8294C00BAF004 /* AppDelegate.swift */ = {isa = PBXFileReference; lastKnownFileType = sourcecode.swift; path = AppDelegate.swift; sourceTree = "<group>"; };
		043ABD0725B8294C00BAF004 /* SceneDelegate.swift */ = {isa = PBXFileReference; lastKnownFileType = sourcecode.swift; path = SceneDelegate.swift; sourceTree = "<group>"; };
		043ABD0C25B8294C00BAF004 /* Base */ = {isa = PBXFileReference; lastKnownFileType = file.storyboard; name = Base; path = Base.lproj/Main.storyboard; sourceTree = "<group>"; };
		043ABD0E25B8294E00BAF004 /* Assets.xcassets */ = {isa = PBXFileReference; lastKnownFileType = folder.assetcatalog; path = Assets.xcassets; sourceTree = "<group>"; };
		043ABD1125B8294E00BAF004 /* Base */ = {isa = PBXFileReference; lastKnownFileType = file.storyboard; name = Base; path = Base.lproj/LaunchScreen.storyboard; sourceTree = "<group>"; };
		043ABD1325B8294E00BAF004 /* Info.plist */ = {isa = PBXFileReference; lastKnownFileType = text.plist.xml; path = Info.plist; sourceTree = "<group>"; };
		043ABD1A25B82C1900BAF004 /* SharpImageView.swift */ = {isa = PBXFileReference; lastKnownFileType = sourcecode.swift; path = SharpImageView.swift; sourceTree = "<group>"; };
		043ABD1D25B839EE00BAF004 /* MainViewController.swift */ = {isa = PBXFileReference; lastKnownFileType = sourcecode.swift; path = MainViewController.swift; sourceTree = "<group>"; };
/* End PBXFileReference section */

/* Begin PBXFrameworksBuildPhase section */
		043ABCFF25B8294C00BAF004 /* Frameworks */ = {
			isa = PBXFrameworksBuildPhase;
			buildActionMask = 2147483647;
			files = (
			);
			runOnlyForDeploymentPostprocessing = 0;
		};
/* End PBXFrameworksBuildPhase section */

/* Begin PBXGroup section */
		043ABCF925B8294C00BAF004 = {
			isa = PBXGroup;
			children = (
				043ABD0425B8294C00BAF004 /* UIBezierPathShape */,
				043ABD0325B8294C00BAF004 /* Products */,
			);
			sourceTree = "<group>";
		};
		043ABD0325B8294C00BAF004 /* Products */ = {
			isa = PBXGroup;
			children = (
				043ABD0225B8294C00BAF004 /* UIBezierPathShape.app */,
			);
			name = Products;
			sourceTree = "<group>";
		};
		043ABD0425B8294C00BAF004 /* UIBezierPathShape */ = {
			isa = PBXGroup;
			children = (
				043ABD0525B8294C00BAF004 /* AppDelegate.swift */,
				043ABD0725B8294C00BAF004 /* SceneDelegate.swift */,
				043ABD0B25B8294C00BAF004 /* Main.storyboard */,
				043ABD1D25B839EE00BAF004 /* MainViewController.swift */,
				043ABD1A25B82C1900BAF004 /* SharpImageView.swift */,
				043ABD0E25B8294E00BAF004 /* Assets.xcassets */,
				043ABD1025B8294E00BAF004 /* LaunchScreen.storyboard */,
				043ABD1325B8294E00BAF004 /* Info.plist */,
			);
			path = UIBezierPathShape;
			sourceTree = "<group>";
		};
/* End PBXGroup section */

/* Begin PBXNativeTarget section */
		043ABD0125B8294C00BAF004 /* UIBezierPathShape */ = {
			isa = PBXNativeTarget;
			buildConfigurationList = 043ABD1625B8294F00BAF004 /* Build configuration list for PBXNativeTarget "UIBezierPathShape" */;
			buildPhases = (
				043ABCFE25B8294C00BAF004 /* Sources */,
				043ABCFF25B8294C00BAF004 /* Frameworks */,
				043ABD0025B8294C00BAF004 /* Resources */,
			);
			buildRules = (
			);
			dependencies = (
			);
			name = UIBezierPathShape;
			productName = UIBezierPathShape;
			productReference = 043ABD0225B8294C00BAF004 /* UIBezierPathShape.app */;
			productType = "com.apple.product-type.application";
		};
/* End PBXNativeTarget section */

/* Begin PBXProject section */
		043ABCFA25B8294C00BAF004 /* Project object */ = {
			isa = PBXProject;
			attributes = {
				LastSwiftUpdateCheck = 1230;
				LastUpgradeCheck = 1230;
				TargetAttributes = {
					043ABD0125B8294C00BAF004 = {
						CreatedOnToolsVersion = 12.3;
					};
				};
			};
			buildConfigurationList = 043ABCFD25B8294C00BAF004 /* Build configuration list for PBXProject "UIBezierPathShape" */;
			compatibilityVersion = "Xcode 9.3";
			developmentRegion = en;
			hasScannedForEncodings = 0;
			knownRegions = (
				en,
				Base,
			);
			mainGroup = 043ABCF925B8294C00BAF004;
			productRefGroup = 043ABD0325B8294C00BAF004 /* Products */;
			projectDirPath = "";
			projectRoot = "";
			targets = (
				043ABD0125B8294C00BAF004 /* UIBezierPathShape */,
			);
		};
/* End PBXProject section */

/* Begin PBXResourcesBuildPhase section */
		043ABD0025B8294C00BAF004 /* Resources */ = {
			isa = PBXResourcesBuildPhase;
			buildActionMask = 2147483647;
			files = (
				043ABD1225B8294E00BAF004 /* LaunchScreen.storyboard in Resources */,
				043ABD0F25B8294E00BAF004 /* Assets.xcassets in Resources */,
				043ABD0D25B8294C00BAF004 /* Main.storyboard in Resources */,
			);
			runOnlyForDeploymentPostprocessing = 0;
		};
/* End PBXResourcesBuildPhase section */

/* Begin PBXSourcesBuildPhase section */
		043ABCFE25B8294C00BAF004 /* Sources */ = {
			isa = PBXSourcesBuildPhase;
			buildActionMask = 2147483647;
			files = (
				043ABD0625B8294C00BAF004 /* AppDelegate.swift in Sources */,
				043ABD0825B8294C00BAF004 /* SceneDelegate.swift in Sources */,
				043ABD1B25B82C1900BAF004 /* SharpImageView.swift in Sources */,
				043ABD1E25B839EE00BAF004 /* MainViewController.swift in Sources */,
			);
			runOnlyForDeploymentPostprocessing = 0;
		};
/* End PBXSourcesBuildPhase section */

/* Begin PBXVariantGroup section */
		043ABD0B25B8294C00BAF004 /* Main.storyboard */ = {
			isa = PBXVariantGroup;
			children = (
				043ABD0C25B8294C00BAF004 /* Base */,
			);
			name = Main.storyboard;
			sourceTree = "<group>";
		};
		043ABD1025B8294E00BAF004 /* LaunchScreen.storyboard */ = {
			isa = PBXVariantGroup;
			children = (
				043ABD1125B8294E00BAF004 /* Base */,
			);
			name = LaunchScreen.storyboard;
			sourceTree = "<group>";
		};
/* End PBXVariantGroup section */

/* Begin XCBuildConfiguration section */
		043ABD1425B8294F00BAF004 /* Debug */ = {
			isa = XCBuildConfiguration;
			buildSettings = {
				ALWAYS_SEARCH_USER_PATHS = NO;
				CLANG_ANALYZER_NONNULL = YES;
				CLANG_ANALYZER_NUMBER_OBJECT_CONVERSION = YES_AGGRESSIVE;
				CLANG_CXX_LANGUAGE_STANDARD = "gnu++14";
				CLANG_CXX_LIBRARY = "libc++";
				CLANG_ENABLE_MODULES = YES;
				CLANG_ENABLE_OBJC_ARC = YES;
				CLANG_ENABLE_OBJC_WEAK = YES;
				CLANG_WARN_BLOCK_CAPTURE_AUTORELEASING = YES;
				CLANG_WARN_BOOL_CONVERSION = YES;
				CLANG_WARN_COMMA = YES;
				CLANG_WARN_CONSTANT_CONVERSION = YES;
				CLANG_WARN_DEPRECATED_OBJC_IMPLEMENTATIONS = YES;
				CLANG_WARN_DIRECT_OBJC_ISA_USAGE = YES_ERROR;
				CLANG_WARN_DOCUMENTATION_COMMENTS = YES;
				CLANG_WARN_EMPTY_BODY = YES;
				CLANG_WARN_ENUM_CONVERSION = YES;
				CLANG_WARN_INFINITE_RECURSION = YES;
				CLANG_WARN_INT_CONVERSION = YES;
				CLANG_WARN_NON_LITERAL_NULL_CONVERSION = YES;
				CLANG_WARN_OBJC_IMPLICIT_RETAIN_SELF = YES;
				CLANG_WARN_OBJC_LITERAL_CONVERSION = YES;
				CLANG_WARN_OBJC_ROOT_CLASS = YES_ERROR;
				CLANG_WARN_QUOTED_INCLUDE_IN_FRAMEWORK_HEADER = YES;
				CLANG_WARN_RANGE_LOOP_ANALYSIS = YES;
				CLANG_WARN_STRICT_PROTOTYPES = YES;
				CLANG_WARN_SUSPICIOUS_MOVE = YES;
				CLANG_WARN_UNGUARDED_AVAILABILITY = YES_AGGRESSIVE;
				CLANG_WARN_UNREACHABLE_CODE = YES;
				CLANG_WARN__DUPLICATE_METHOD_MATCH = YES;
				COPY_PHASE_STRIP = NO;
				DEBUG_INFORMATION_FORMAT = dwarf;
				ENABLE_STRICT_OBJC_MSGSEND = YES;
				ENABLE_TESTABILITY = YES;
				GCC_C_LANGUAGE_STANDARD = gnu11;
				GCC_DYNAMIC_NO_PIC = NO;
				GCC_NO_COMMON_BLOCKS = YES;
				GCC_OPTIMIZATION_LEVEL = 0;
				GCC_PREPROCESSOR_DEFINITIONS = (
					"DEBUG=1",
					"$(inherited)",
				);
				GCC_WARN_64_TO_32_BIT_CONVERSION = YES;
				GCC_WARN_ABOUT_RETURN_TYPE = YES_ERROR;
				GCC_WARN_UNDECLARED_SELECTOR = YES;
				GCC_WARN_UNINITIALIZED_AUTOS = YES_AGGRESSIVE;
				GCC_WARN_UNUSED_FUNCTION = YES;
				GCC_WARN_UNUSED_VARIABLE = YES;
				IPHONEOS_DEPLOYMENT_TARGET = 14.3;
				MTL_ENABLE_DEBUG_INFO = INCLUDE_SOURCE;
				MTL_FAST_MATH = YES;
				ONLY_ACTIVE_ARCH = YES;
				SDKROOT = iphoneos;
				SWIFT_ACTIVE_COMPILATION_CONDITIONS = DEBUG;
				SWIFT_OPTIMIZATION_LEVEL = "-Onone";
			};
			name = Debug;
		};
		043ABD1525B8294F00BAF004 /* Release */ = {
			isa = XCBuildConfiguration;
			buildSettings = {
				ALWAYS_SEARCH_USER_PATHS = NO;
				CLANG_ANALYZER_NONNULL = YES;
				CLANG_ANALYZER_NUMBER_OBJECT_CONVERSION = YES_AGGRESSIVE;
				CLANG_CXX_LANGUAGE_STANDARD = "gnu++14";
				CLANG_CXX_LIBRARY = "libc++";
				CLANG_ENABLE_MODULES = YES;
				CLANG_ENABLE_OBJC_ARC = YES;
				CLANG_ENABLE_OBJC_WEAK = YES;
				CLANG_WARN_BLOCK_CAPTURE_AUTORELEASING = YES;
				CLANG_WARN_BOOL_CONVERSION = YES;
				CLANG_WARN_COMMA = YES;
				CLANG_WARN_CONSTANT_CONVERSION = YES;
				CLANG_WARN_DEPRECATED_OBJC_IMPLEMENTATIONS = YES;
				CLANG_WARN_DIRECT_OBJC_ISA_USAGE = YES_ERROR;
				CLANG_WARN_DOCUMENTATION_COMMENTS = YES;
				CLANG_WARN_EMPTY_BODY = YES;
				CLANG_WARN_ENUM_CONVERSION = YES;
				CLANG_WARN_INFINITE_RECURSION = YES;
				CLANG_WARN_INT_CONVERSION = YES;
				CLANG_WARN_NON_LITERAL_NULL_CONVERSION = YES;
				CLANG_WARN_OBJC_IMPLICIT_RETAIN_SELF = YES;
				CLANG_WARN_OBJC_LITERAL_CONVERSION = YES;
				CLANG_WARN_OBJC_ROOT_CLASS = YES_ERROR;
				CLANG_WARN_QUOTED_INCLUDE_IN_FRAMEWORK_HEADER = YES;
				CLANG_WARN_RANGE_LOOP_ANALYSIS = YES;
				CLANG_WARN_STRICT_PROTOTYPES = YES;
				CLANG_WARN_SUSPICIOUS_MOVE = YES;
				CLANG_WARN_UNGUARDED_AVAILABILITY = YES_AGGRESSIVE;
				CLANG_WARN_UNREACHABLE_CODE = YES;
				CLANG_WARN__DUPLICATE_METHOD_MATCH = YES;
				COPY_PHASE_STRIP = NO;
				DEBUG_INFORMATION_FORMAT = "dwarf-with-dsym";
				ENABLE_NS_ASSERTIONS = NO;
				ENABLE_STRICT_OBJC_MSGSEND = YES;
				GCC_C_LANGUAGE_STANDARD = gnu11;
				GCC_NO_COMMON_BLOCKS = YES;
				GCC_WARN_64_TO_32_BIT_CONVERSION = YES;
				GCC_WARN_ABOUT_RETURN_TYPE = YES_ERROR;
				GCC_WARN_UNDECLARED_SELECTOR = YES;
				GCC_WARN_UNINITIALIZED_AUTOS = YES_AGGRESSIVE;
				GCC_WARN_UNUSED_FUNCTION = YES;
				GCC_WARN_UNUSED_VARIABLE = YES;
				IPHONEOS_DEPLOYMENT_TARGET = 14.3;
				MTL_ENABLE_DEBUG_INFO = NO;
				MTL_FAST_MATH = YES;
				SDKROOT = iphoneos;
				SWIFT_COMPILATION_MODE = wholemodule;
				SWIFT_OPTIMIZATION_LEVEL = "-O";
				VALIDATE_PRODUCT = YES;
			};
			name = Release;
		};
		043ABD1725B8294F00BAF004 /* Debug */ = {
			isa = XCBuildConfiguration;
			buildSettings = {
				ASSETCATALOG_COMPILER_APPICON_NAME = AppIcon;
				ASSETCATALOG_COMPILER_GLOBAL_ACCENT_COLOR_NAME = AccentColor;
				CODE_SIGN_STYLE = Automatic;
				DEVELOPMENT_TEAM = 3H8BWNT9J5;
				INFOPLIST_FILE = UIBezierPathShape/Info.plist;
				LD_RUNPATH_SEARCH_PATHS = (
					"$(inherited)",
					"@executable_path/Frameworks",
				);
				PRODUCT_BUNDLE_IDENTIFIER = lee.sam.UIBezierPathShape;
				PRODUCT_NAME = "$(TARGET_NAME)";
				SWIFT_VERSION = 5.0;
				TARGETED_DEVICE_FAMILY = "1,2";
			};
			name = Debug;
		};
		043ABD1825B8294F00BAF004 /* Release */ = {
			isa = XCBuildConfiguration;
			buildSettings = {
				ASSETCATALOG_COMPILER_APPICON_NAME = AppIcon;
				ASSETCATALOG_COMPILER_GLOBAL_ACCENT_COLOR_NAME = AccentColor;
				CODE_SIGN_STYLE = Automatic;
				DEVELOPMENT_TEAM = 3H8BWNT9J5;
				INFOPLIST_FILE = UIBezierPathShape/Info.plist;
				LD_RUNPATH_SEARCH_PATHS = (
					"$(inherited)",
					"@executable_path/Frameworks",
				);
				PRODUCT_BUNDLE_IDENTIFIER = lee.sam.UIBezierPathShape;
				PRODUCT_NAME = "$(TARGET_NAME)";
				SWIFT_VERSION = 5.0;
				TARGETED_DEVICE_FAMILY = "1,2";
			};
			name = Release;
		};
/* End XCBuildConfiguration section */

/* Begin XCConfigurationList section */
		043ABCFD25B8294C00BAF004 /* Build configuration list for PBXProject "UIBezierPathShape" */ = {
			isa = XCConfigurationList;
			buildConfigurations = (
				043ABD1425B8294F00BAF004 /* Debug */,
				043ABD1525B8294F00BAF004 /* Release */,
			);
			defaultConfigurationIsVisible = 0;
			defaultConfigurationName = Release;
		};
		043ABD1625B8294F00BAF004 /* Build configuration list for PBXNativeTarget "UIBezierPathShape" */ = {
			isa = XCConfigurationList;
			buildConfigurations = (
				043ABD1725B8294F00BAF004 /* Debug */,
				043ABD1825B8294F00BAF004 /* Release */,
			);
			defaultConfigurationIsVisible = 0;
			defaultConfigurationName = Release;
		};
/* End XCConfigurationList section */
	};
	rootObject = 043ABCFA25B8294C00BAF004 /* Project object */;
}
